
Microsoft Visual Studio Solution File, Format Version 12.00
# Visual Studio 15
VisualStudioVersion = 15.0.27004.2009
MinimumVisualStudioVersion = 10.0.40219.1
Project("{8BC9CEB8-8B4A-11D0-8D11-00A0C91BC942}") = "BnsProjects", "BnsProjects\BnsProjects.vcxproj", "{6C1396BC-621C-4F38-A592-024C9DD2EB6E}"
EndProject
Project("{8BC9CEB8-8B4A-11D0-8D11-00A0C91BC942}") = "BnsProjects_dlg", "BnsProjects_dlg\BnsProjects_dlg.vcxproj", "{46A994FB-9448-4293-9BCE-31650740F60C}"
EndProject
Project("{FAE04EC0-301F-11D3-BF4B-00C04F79EFBC}") = "BnsConsole", "BnsConsole\BnsConsole.csproj", "{B83FA490-EDBA-405F-99ED-A57C03C3F12F}"
EndProject
Project("{FAE04EC0-301F-11D3-BF4B-00C04F79EFBC}") = "CreateCard", "CreateCard\CreateCard.csproj", "{E1B3C397-EACF-4ED7-A9D8-F95EB25CA3FB}"
EndProject
Project("{8BC9CEB8-8B4A-11D0-8D11-00A0C91BC942}") = "ConsoleDLL", "ConsoleDLL\ConsoleDLL.vcxproj", "{78A0F79C-06A6-45ED-90FF-B7E2A1B7F791}"
EndProject
Project("{FAE04EC0-301F-11D3-BF4B-00C04F79EFBC}") = "ConsoleFileServer", "ConsoleFileServer\ConsoleFileServer.csproj", "{72BC8683-BB0B-4BA4-9283-12B64D505E5D}"
EndProject
Project("{FAE04EC0-301F-11D3-BF4B-00C04F79EFBC}") = "ConsoleFileClient", "ConsoleFileClient\ConsoleFileClient.csproj", "{9E659C11-D05D-451F-BF49-B56F1536447C}"
EndProject
Project("{2150E333-8FDC-42A3-9474-1A3956D46DE8}") = "Solution Items", "Solution Items", "{6953C941-34F7-41E0-8A00-A45C31FF3D7E}"
	ProjectSection(SolutionItems) = preProject
		ModifyLog.txt = ModifyLog.txt
	EndProjectSection
EndProject
Project("{8BC9CEB8-8B4A-11D0-8D11-00A0C91BC942}") = "BnsKorServer", "BnsKorServer\BnsKorServer.vcxproj", "{E1C28E8B-D6CD-4D57-B519-549EF3E4AAE6}"
EndProject
Project("{2150E333-8FDC-42A3-9474-1A3956D46DE8}") = "Main", "Main", "{7F50A1C8-579A-455E-AEC4-FE76C67539EF}"
EndProject
Project("{2150E333-8FDC-42A3-9474-1A3956D46DE8}") = "Other", "Other", "{C2FE582B-2DC4-4E5E-934A-6CB0C45C9A6F}"
EndProject
Project("{8BC9CEB8-8B4A-11D0-8D11-00A0C91BC942}") = "TestBnsLogin", "TestBnsLogin\TestBnsLogin.vcxproj", "{080F1555-6A5C-4E75-B4D3-1112CBCB9800}"
EndProject
Project("{8BC9CEB8-8B4A-11D0-8D11-00A0C91BC942}") = "BnsKorServer_IOCP", "BnsKorServer_IOCP\BnsKorServer_IOCP.vcxproj", "{BEED74B8-111D-4969-A860-C7762E872A87}"
EndProject
Project("{8BC9CEB8-8B4A-11D0-8D11-00A0C91BC942}") = "InjectorDLL", "InjectorDLL\InjectorDLL.vcxproj", "{3E37E230-C350-4418-AD9C-0014AE533C42}"
EndProject
Project("{FAE04EC0-301F-11D3-BF4B-00C04F79EFBC}") = "QueryResText", "QueryResText\QueryResText.csproj", "{D75A59B1-98C2-4E94-8F46-DE59E13A047D}"
EndProject
Project("{8BC9CEB8-8B4A-11D0-8D11-00A0C91BC942}") = "ReplaceVirtualSerialNumber", "ReplaceVirtualSerialNumber\ReplaceVirtualSerialNumber.vcxproj", "{897334D4-2101-4847-BAFF-6430FD993542}"
EndProject
Project("{8BC9CEB8-8B4A-11D0-8D11-00A0C91BC942}") = "RemoteInjectorTerminateDLL", "RemoteInjectorTerminateDLL\RemoteInjectorTerminateDLL.vcxproj", "{8F4EA8CC-ED13-4238-B229-5F711AE79A9F}"
EndProject
Project("{8BC9CEB8-8B4A-11D0-8D11-00A0C91BC942}") = "TestInjectorTerminate", "TestInjectorTerminate\TestInjectorTerminate.vcxproj", "{E1FADBDE-4B60-45E2-B260-4761AF4FD7B4}"
EndProject
Global
	GlobalSection(SolutionConfigurationPlatforms) = preSolution
		China|Any CPU = China|Any CPU
		China|Mixed Platforms = China|Mixed Platforms
		China|Win32 = China|Win32
		China|x64 = China|x64
		Debug|Any CPU = Debug|Any CPU
		Debug|Mixed Platforms = Debug|Mixed Platforms
		Debug|Win32 = Debug|Win32
		Debug|x64 = Debug|x64
		Release|Any CPU = Release|Any CPU
		Release|Mixed Platforms = Release|Mixed Platforms
		Release|Win32 = Release|Win32
		Release|x64 = Release|x64
		TaiWan|Any CPU = TaiWan|Any CPU
		TaiWan|Mixed Platforms = TaiWan|Mixed Platforms
		TaiWan|Win32 = TaiWan|Win32
		TaiWan|x64 = TaiWan|x64
	EndGlobalSection
	GlobalSection(ProjectConfigurationPlatforms) = postSolution
		{6C1396BC-621C-4F38-A592-024C9DD2EB6E}.China|Any CPU.ActiveCfg = Release|Win32
		{6C1396BC-621C-4F38-A592-024C9DD2EB6E}.China|Mixed Platforms.ActiveCfg = Release|Win32
		{6C1396BC-621C-4F38-A592-024C9DD2EB6E}.China|Mixed Platforms.Build.0 = Release|Win32
		{6C1396BC-621C-4F38-A592-024C9DD2EB6E}.China|Win32.ActiveCfg = Release|Win32
		{6C1396BC-621C-4F38-A592-024C9DD2EB6E}.China|Win32.Build.0 = Release|Win32
		{6C1396BC-621C-4F38-A592-024C9DD2EB6E}.China|x64.ActiveCfg = Release|Win32
		{6C1396BC-621C-4F38-A592-024C9DD2EB6E}.Debug|Any CPU.ActiveCfg = Debug|Win32
		{6C1396BC-621C-4F38-A592-024C9DD2EB6E}.Debug|Mixed Platforms.ActiveCfg = Debug|Win32
		{6C1396BC-621C-4F38-A592-024C9DD2EB6E}.Debug|Mixed Platforms.Build.0 = Debug|Win32
		{6C1396BC-621C-4F38-A592-024C9DD2EB6E}.Debug|Win32.ActiveCfg = Debug|Win32
		{6C1396BC-621C-4F38-A592-024C9DD2EB6E}.Debug|Win32.Build.0 = Debug|Win32
		{6C1396BC-621C-4F38-A592-024C9DD2EB6E}.Debug|x64.ActiveCfg = Debug|Win32
		{6C1396BC-621C-4F38-A592-024C9DD2EB6E}.Release|Any CPU.ActiveCfg = Release|Win32
		{6C1396BC-621C-4F38-A592-024C9DD2EB6E}.Release|Mixed Platforms.ActiveCfg = Release|Win32
		{6C1396BC-621C-4F38-A592-024C9DD2EB6E}.Release|Mixed Platforms.Build.0 = Release|Win32
		{6C1396BC-621C-4F38-A592-024C9DD2EB6E}.Release|Win32.ActiveCfg = Release|Win32
		{6C1396BC-621C-4F38-A592-024C9DD2EB6E}.Release|Win32.Build.0 = Release|Win32
		{6C1396BC-621C-4F38-A592-024C9DD2EB6E}.Release|x64.ActiveCfg = Release|Win32
		{6C1396BC-621C-4F38-A592-024C9DD2EB6E}.TaiWan|Any CPU.ActiveCfg = TaiWan|Win32
		{6C1396BC-621C-4F38-A592-024C9DD2EB6E}.TaiWan|Mixed Platforms.ActiveCfg = TaiWan|Win32
		{6C1396BC-621C-4F38-A592-024C9DD2EB6E}.TaiWan|Mixed Platforms.Build.0 = TaiWan|Win32
		{6C1396BC-621C-4F38-A592-024C9DD2EB6E}.TaiWan|Win32.ActiveCfg = TaiWan|Win32
		{6C1396BC-621C-4F38-A592-024C9DD2EB6E}.TaiWan|Win32.Build.0 = TaiWan|Win32
		{6C1396BC-621C-4F38-A592-024C9DD2EB6E}.TaiWan|x64.ActiveCfg = TaiWan|Win32
		{46A994FB-9448-4293-9BCE-31650740F60C}.China|Any CPU.ActiveCfg = China|Win32
		{46A994FB-9448-4293-9BCE-31650740F60C}.China|Mixed Platforms.ActiveCfg = China|Win32
		{46A994FB-9448-4293-9BCE-31650740F60C}.China|Mixed Platforms.Build.0 = China|Win32
		{46A994FB-9448-4293-9BCE-31650740F60C}.China|Win32.ActiveCfg = China|Win32
		{46A994FB-9448-4293-9BCE-31650740F60C}.China|Win32.Build.0 = China|Win32
		{46A994FB-9448-4293-9BCE-31650740F60C}.China|x64.ActiveCfg = China|Win32
		{46A994FB-9448-4293-9BCE-31650740F60C}.Debug|Any CPU.ActiveCfg = Debug|Win32
		{46A994FB-9448-4293-9BCE-31650740F60C}.Debug|Mixed Platforms.ActiveCfg = Debug|Win32
		{46A994FB-9448-4293-9BCE-31650740F60C}.Debug|Mixed Platforms.Build.0 = Debug|Win32
		{46A994FB-9448-4293-9BCE-31650740F60C}.Debug|Win32.ActiveCfg = Debug|Win32
		{46A994FB-9448-4293-9BCE-31650740F60C}.Debug|Win32.Build.0 = Debug|Win32
		{46A994FB-9448-4293-9BCE-31650740F60C}.Debug|x64.ActiveCfg = Debug|Win32
		{46A994FB-9448-4293-9BCE-31650740F60C}.Release|Any CPU.ActiveCfg = China|Win32
		{46A994FB-9448-4293-9BCE-31650740F60C}.Release|Mixed Platforms.ActiveCfg = Release|Win32
		{46A994FB-9448-4293-9BCE-31650740F60C}.Release|Mixed Platforms.Build.0 = Release|Win32
		{46A994FB-9448-4293-9BCE-31650740F60C}.Release|Win32.ActiveCfg = Release|Win32
		{46A994FB-9448-4293-9BCE-31650740F60C}.Release|Win32.Build.0 = Release|Win32
		{46A994FB-9448-4293-9BCE-31650740F60C}.Release|x64.ActiveCfg = Release|Win32
		{46A994FB-9448-4293-9BCE-31650740F60C}.TaiWan|Any CPU.ActiveCfg = TaiWan|Win32
		{46A994FB-9448-4293-9BCE-31650740F60C}.TaiWan|Mixed Platforms.ActiveCfg = TaiWan|Win32
		{46A994FB-9448-4293-9BCE-31650740F60C}.TaiWan|Mixed Platforms.Build.0 = TaiWan|Win32
		{46A994FB-9448-4293-9BCE-31650740F60C}.TaiWan|Win32.ActiveCfg = TaiWan|Win32
		{46A994FB-9448-4293-9BCE-31650740F60C}.TaiWan|Win32.Build.0 = TaiWan|Win32
		{46A994FB-9448-4293-9BCE-31650740F60C}.TaiWan|x64.ActiveCfg = TaiWan|Win32
		{B83FA490-EDBA-405F-99ED-A57C03C3F12F}.China|Any CPU.ActiveCfg = Release|Any CPU
		{B83FA490-EDBA-405F-99ED-A57C03C3F12F}.China|Any CPU.Build.0 = Release|Any CPU
		{B83FA490-EDBA-405F-99ED-A57C03C3F12F}.China|Mixed Platforms.ActiveCfg = Release|Any CPU
		{B83FA490-EDBA-405F-99ED-A57C03C3F12F}.China|Mixed Platforms.Build.0 = Release|Any CPU
		{B83FA490-EDBA-405F-99ED-A57C03C3F12F}.China|Win32.ActiveCfg = Release|Any CPU
		{B83FA490-EDBA-405F-99ED-A57C03C3F12F}.China|x64.ActiveCfg = Release|Any CPU
		{B83FA490-EDBA-405F-99ED-A57C03C3F12F}.Debug|Any CPU.ActiveCfg = Debug|Any CPU
		{B83FA490-EDBA-405F-99ED-A57C03C3F12F}.Debug|Any CPU.Build.0 = Debug|Any CPU
		{B83FA490-EDBA-405F-99ED-A57C03C3F12F}.Debug|Mixed Platforms.ActiveCfg = Debug|Any CPU
		{B83FA490-EDBA-405F-99ED-A57C03C3F12F}.Debug|Mixed Platforms.Build.0 = Debug|Any CPU
		{B83FA490-EDBA-405F-99ED-A57C03C3F12F}.Debug|Win32.ActiveCfg = Debug|Any CPU
		{B83FA490-EDBA-405F-99ED-A57C03C3F12F}.Debug|Win32.Build.0 = Debug|Any CPU
		{B83FA490-EDBA-405F-99ED-A57C03C3F12F}.Debug|x64.ActiveCfg = Debug|Any CPU
		{B83FA490-EDBA-405F-99ED-A57C03C3F12F}.Release|Any CPU.ActiveCfg = Release|Any CPU
		{B83FA490-EDBA-405F-99ED-A57C03C3F12F}.Release|Any CPU.Build.0 = Release|Any CPU
		{B83FA490-EDBA-405F-99ED-A57C03C3F12F}.Release|Mixed Platforms.ActiveCfg = Release|Any CPU
		{B83FA490-EDBA-405F-99ED-A57C03C3F12F}.Release|Mixed Platforms.Build.0 = Release|Any CPU
		{B83FA490-EDBA-405F-99ED-A57C03C3F12F}.Release|Win32.ActiveCfg = Release|Any CPU
		{B83FA490-EDBA-405F-99ED-A57C03C3F12F}.Release|x64.ActiveCfg = Release|Any CPU
		{B83FA490-EDBA-405F-99ED-A57C03C3F12F}.TaiWan|Any CPU.ActiveCfg = TaiWan|Any CPU
		{B83FA490-EDBA-405F-99ED-A57C03C3F12F}.TaiWan|Any CPU.Build.0 = TaiWan|Any CPU
		{B83FA490-EDBA-405F-99ED-A57C03C3F12F}.TaiWan|Mixed Platforms.ActiveCfg = TaiWan|Any CPU
		{B83FA490-EDBA-405F-99ED-A57C03C3F12F}.TaiWan|Mixed Platforms.Build.0 = TaiWan|Any CPU
		{B83FA490-EDBA-405F-99ED-A57C03C3F12F}.TaiWan|Win32.ActiveCfg = TaiWan|Any CPU
		{B83FA490-EDBA-405F-99ED-A57C03C3F12F}.TaiWan|x64.ActiveCfg = TaiWan|Any CPU
		{E1B3C397-EACF-4ED7-A9D8-F95EB25CA3FB}.China|Any CPU.ActiveCfg = Release|Any CPU
		{E1B3C397-EACF-4ED7-A9D8-F95EB25CA3FB}.China|Any CPU.Build.0 = Release|Any CPU
		{E1B3C397-EACF-4ED7-A9D8-F95EB25CA3FB}.China|Mixed Platforms.ActiveCfg = Release|Any CPU
		{E1B3C397-EACF-4ED7-A9D8-F95EB25CA3FB}.China|Mixed Platforms.Build.0 = Release|Any CPU
		{E1B3C397-EACF-4ED7-A9D8-F95EB25CA3FB}.China|Win32.ActiveCfg = Release|Any CPU
		{E1B3C397-EACF-4ED7-A9D8-F95EB25CA3FB}.China|x64.ActiveCfg = Release|Any CPU
		{E1B3C397-EACF-4ED7-A9D8-F95EB25CA3FB}.Debug|Any CPU.ActiveCfg = Debug|Any CPU
		{E1B3C397-EACF-4ED7-A9D8-F95EB25CA3FB}.Debug|Any CPU.Build.0 = Debug|Any CPU
		{E1B3C397-EACF-4ED7-A9D8-F95EB25CA3FB}.Debug|Mixed Platforms.ActiveCfg = Debug|Any CPU
		{E1B3C397-EACF-4ED7-A9D8-F95EB25CA3FB}.Debug|Mixed Platforms.Build.0 = Debug|Any CPU
		{E1B3C397-EACF-4ED7-A9D8-F95EB25CA3FB}.Debug|Win32.ActiveCfg = Debug|Any CPU
		{E1B3C397-EACF-4ED7-A9D8-F95EB25CA3FB}.Debug|x64.ActiveCfg = Debug|Any CPU
		{E1B3C397-EACF-4ED7-A9D8-F95EB25CA3FB}.Release|Any CPU.ActiveCfg = Release|Any CPU
		{E1B3C397-EACF-4ED7-A9D8-F95EB25CA3FB}.Release|Any CPU.Build.0 = Release|Any CPU
		{E1B3C397-EACF-4ED7-A9D8-F95EB25CA3FB}.Release|Mixed Platforms.ActiveCfg = Release|Any CPU
		{E1B3C397-EACF-4ED7-A9D8-F95EB25CA3FB}.Release|Mixed Platforms.Build.0 = Release|Any CPU
		{E1B3C397-EACF-4ED7-A9D8-F95EB25CA3FB}.Release|Win32.ActiveCfg = Release|Any CPU
		{E1B3C397-EACF-4ED7-A9D8-F95EB25CA3FB}.Release|x64.ActiveCfg = Release|Any CPU
		{E1B3C397-EACF-4ED7-A9D8-F95EB25CA3FB}.TaiWan|Any CPU.ActiveCfg = TaiWan|Any CPU
		{E1B3C397-EACF-4ED7-A9D8-F95EB25CA3FB}.TaiWan|Any CPU.Build.0 = TaiWan|Any CPU
		{E1B3C397-EACF-4ED7-A9D8-F95EB25CA3FB}.TaiWan|Mixed Platforms.ActiveCfg = TaiWan|Any CPU
		{E1B3C397-EACF-4ED7-A9D8-F95EB25CA3FB}.TaiWan|Mixed Platforms.Build.0 = TaiWan|Any CPU
		{E1B3C397-EACF-4ED7-A9D8-F95EB25CA3FB}.TaiWan|Win32.ActiveCfg = TaiWan|Any CPU
		{E1B3C397-EACF-4ED7-A9D8-F95EB25CA3FB}.TaiWan|x64.ActiveCfg = TaiWan|Any CPU
		{78A0F79C-06A6-45ED-90FF-B7E2A1B7F791}.China|Any CPU.ActiveCfg = Release|Win32
		{78A0F79C-06A6-45ED-90FF-B7E2A1B7F791}.China|Mixed Platforms.ActiveCfg = Release|Win32
		{78A0F79C-06A6-45ED-90FF-B7E2A1B7F791}.China|Mixed Platforms.Build.0 = Release|Win32
		{78A0F79C-06A6-45ED-90FF-B7E2A1B7F791}.China|Win32.ActiveCfg = Release|Win32
		{78A0F79C-06A6-45ED-90FF-B7E2A1B7F791}.China|Win32.Build.0 = Release|Win32
		{78A0F79C-06A6-45ED-90FF-B7E2A1B7F791}.China|x64.ActiveCfg = Release|Win32
		{78A0F79C-06A6-45ED-90FF-B7E2A1B7F791}.Debug|Any CPU.ActiveCfg = Debug|Win32
		{78A0F79C-06A6-45ED-90FF-B7E2A1B7F791}.Debug|Mixed Platforms.ActiveCfg = Debug|Win32
		{78A0F79C-06A6-45ED-90FF-B7E2A1B7F791}.Debug|Mixed Platforms.Build.0 = Debug|Win32
		{78A0F79C-06A6-45ED-90FF-B7E2A1B7F791}.Debug|Win32.ActiveCfg = Debug|Win32
		{78A0F79C-06A6-45ED-90FF-B7E2A1B7F791}.Debug|Win32.Build.0 = Debug|Win32
		{78A0F79C-06A6-45ED-90FF-B7E2A1B7F791}.Debug|x64.ActiveCfg = Debug|Win32
		{78A0F79C-06A6-45ED-90FF-B7E2A1B7F791}.Release|Any CPU.ActiveCfg = Release|Win32
		{78A0F79C-06A6-45ED-90FF-B7E2A1B7F791}.Release|Mixed Platforms.ActiveCfg = Release|Win32
		{78A0F79C-06A6-45ED-90FF-B7E2A1B7F791}.Release|Mixed Platforms.Build.0 = Release|Win32
		{78A0F79C-06A6-45ED-90FF-B7E2A1B7F791}.Release|Win32.ActiveCfg = Release|Win32
		{78A0F79C-06A6-45ED-90FF-B7E2A1B7F791}.Release|Win32.Build.0 = Release|Win32
		{78A0F79C-06A6-45ED-90FF-B7E2A1B7F791}.Release|x64.ActiveCfg = Release|Win32
		{78A0F79C-06A6-45ED-90FF-B7E2A1B7F791}.TaiWan|Any CPU.ActiveCfg = TaiWan|Win32
		{78A0F79C-06A6-45ED-90FF-B7E2A1B7F791}.TaiWan|Mixed Platforms.ActiveCfg = TaiWan|Win32
		{78A0F79C-06A6-45ED-90FF-B7E2A1B7F791}.TaiWan|Mixed Platforms.Build.0 = TaiWan|Win32
		{78A0F79C-06A6-45ED-90FF-B7E2A1B7F791}.TaiWan|Win32.ActiveCfg = TaiWan|Win32
		{78A0F79C-06A6-45ED-90FF-B7E2A1B7F791}.TaiWan|Win32.Build.0 = TaiWan|Win32
		{78A0F79C-06A6-45ED-90FF-B7E2A1B7F791}.TaiWan|x64.ActiveCfg = TaiWan|Win32
		{72BC8683-BB0B-4BA4-9283-12B64D505E5D}.China|Any CPU.ActiveCfg = Release|Any CPU
		{72BC8683-BB0B-4BA4-9283-12B64D505E5D}.China|Any CPU.Build.0 = Release|Any CPU
		{72BC8683-BB0B-4BA4-9283-12B64D505E5D}.China|Mixed Platforms.ActiveCfg = Release|Any CPU
		{72BC8683-BB0B-4BA4-9283-12B64D505E5D}.China|Mixed Platforms.Build.0 = Release|Any CPU
		{72BC8683-BB0B-4BA4-9283-12B64D505E5D}.China|Win32.ActiveCfg = Release|Any CPU
		{72BC8683-BB0B-4BA4-9283-12B64D505E5D}.China|x64.ActiveCfg = Release|Any CPU
		{72BC8683-BB0B-4BA4-9283-12B64D505E5D}.Debug|Any CPU.ActiveCfg = Debug|Any CPU
		{72BC8683-BB0B-4BA4-9283-12B64D505E5D}.Debug|Any CPU.Build.0 = Debug|Any CPU
		{72BC8683-BB0B-4BA4-9283-12B64D505E5D}.Debug|Mixed Platforms.ActiveCfg = Debug|Any CPU
		{72BC8683-BB0B-4BA4-9283-12B64D505E5D}.Debug|Mixed Platforms.Build.0 = Debug|Any CPU
		{72BC8683-BB0B-4BA4-9283-12B64D505E5D}.Debug|Win32.ActiveCfg = Debug|Any CPU
		{72BC8683-BB0B-4BA4-9283-12B64D505E5D}.Debug|x64.ActiveCfg = Debug|Any CPU
		{72BC8683-BB0B-4BA4-9283-12B64D505E5D}.Release|Any CPU.ActiveCfg = Release|Any CPU
		{72BC8683-BB0B-4BA4-9283-12B64D505E5D}.Release|Any CPU.Build.0 = Release|Any CPU
		{72BC8683-BB0B-4BA4-9283-12B64D505E5D}.Release|Mixed Platforms.ActiveCfg = Release|Any CPU
		{72BC8683-BB0B-4BA4-9283-12B64D505E5D}.Release|Mixed Platforms.Build.0 = Release|Any CPU
		{72BC8683-BB0B-4BA4-9283-12B64D505E5D}.Release|Win32.ActiveCfg = Release|Any CPU
		{72BC8683-BB0B-4BA4-9283-12B64D505E5D}.Release|x64.ActiveCfg = Release|Any CPU
		{72BC8683-BB0B-4BA4-9283-12B64D505E5D}.TaiWan|Any CPU.ActiveCfg = TaiWan|Any CPU
		{72BC8683-BB0B-4BA4-9283-12B64D505E5D}.TaiWan|Any CPU.Build.0 = TaiWan|Any CPU
		{72BC8683-BB0B-4BA4-9283-12B64D505E5D}.TaiWan|Mixed Platforms.ActiveCfg = TaiWan|Any CPU
		{72BC8683-BB0B-4BA4-9283-12B64D505E5D}.TaiWan|Mixed Platforms.Build.0 = TaiWan|Any CPU
		{72BC8683-BB0B-4BA4-9283-12B64D505E5D}.TaiWan|Win32.ActiveCfg = TaiWan|Any CPU
		{72BC8683-BB0B-4BA4-9283-12B64D505E5D}.TaiWan|x64.ActiveCfg = TaiWan|Any CPU
		{9E659C11-D05D-451F-BF49-B56F1536447C}.China|Any CPU.ActiveCfg = Release|Any CPU
		{9E659C11-D05D-451F-BF49-B56F1536447C}.China|Any CPU.Build.0 = Release|Any CPU
		{9E659C11-D05D-451F-BF49-B56F1536447C}.China|Mixed Platforms.ActiveCfg = Release|Any CPU
		{9E659C11-D05D-451F-BF49-B56F1536447C}.China|Mixed Platforms.Build.0 = Release|Any CPU
		{9E659C11-D05D-451F-BF49-B56F1536447C}.China|Win32.ActiveCfg = Release|Any CPU
		{9E659C11-D05D-451F-BF49-B56F1536447C}.China|x64.ActiveCfg = Release|Any CPU
		{9E659C11-D05D-451F-BF49-B56F1536447C}.Debug|Any CPU.ActiveCfg = Debug|Any CPU
		{9E659C11-D05D-451F-BF49-B56F1536447C}.Debug|Any CPU.Build.0 = Debug|Any CPU
		{9E659C11-D05D-451F-BF49-B56F1536447C}.Debug|Mixed Platforms.ActiveCfg = Debug|Any CPU
		{9E659C11-D05D-451F-BF49-B56F1536447C}.Debug|Mixed Platforms.Build.0 = Debug|Any CPU
		{9E659C11-D05D-451F-BF49-B56F1536447C}.Debug|Win32.ActiveCfg = Debug|Any CPU
		{9E659C11-D05D-451F-BF49-B56F1536447C}.Debug|x64.ActiveCfg = Debug|Any CPU
		{9E659C11-D05D-451F-BF49-B56F1536447C}.Release|Any CPU.ActiveCfg = Release|Any CPU
		{9E659C11-D05D-451F-BF49-B56F1536447C}.Release|Any CPU.Build.0 = Release|Any CPU
		{9E659C11-D05D-451F-BF49-B56F1536447C}.Release|Mixed Platforms.ActiveCfg = Release|Any CPU
		{9E659C11-D05D-451F-BF49-B56F1536447C}.Release|Mixed Platforms.Build.0 = Release|Any CPU
		{9E659C11-D05D-451F-BF49-B56F1536447C}.Release|Win32.ActiveCfg = Release|Any CPU
		{9E659C11-D05D-451F-BF49-B56F1536447C}.Release|x64.ActiveCfg = Release|Any CPU
		{9E659C11-D05D-451F-BF49-B56F1536447C}.TaiWan|Any CPU.ActiveCfg = TaiWan|Any CPU
		{9E659C11-D05D-451F-BF49-B56F1536447C}.TaiWan|Any CPU.Build.0 = TaiWan|Any CPU
		{9E659C11-D05D-451F-BF49-B56F1536447C}.TaiWan|Mixed Platforms.ActiveCfg = TaiWan|Any CPU
		{9E659C11-D05D-451F-BF49-B56F1536447C}.TaiWan|Mixed Platforms.Build.0 = TaiWan|Any CPU
		{9E659C11-D05D-451F-BF49-B56F1536447C}.TaiWan|Win32.ActiveCfg = TaiWan|Any CPU
		{9E659C11-D05D-451F-BF49-B56F1536447C}.TaiWan|x64.ActiveCfg = TaiWan|Any CPU
		{E1C28E8B-D6CD-4D57-B519-549EF3E4AAE6}.China|Any CPU.ActiveCfg = Release|Win32
		{E1C28E8B-D6CD-4D57-B519-549EF3E4AAE6}.China|Mixed Platforms.ActiveCfg = Release|Win32
		{E1C28E8B-D6CD-4D57-B519-549EF3E4AAE6}.China|Mixed Platforms.Build.0 = Release|Win32
		{E1C28E8B-D6CD-4D57-B519-549EF3E4AAE6}.China|Win32.ActiveCfg = Release|Win32
		{E1C28E8B-D6CD-4D57-B519-549EF3E4AAE6}.China|Win32.Build.0 = Release|Win32
		{E1C28E8B-D6CD-4D57-B519-549EF3E4AAE6}.China|x64.ActiveCfg = Release|Win32
		{E1C28E8B-D6CD-4D57-B519-549EF3E4AAE6}.Debug|Any CPU.ActiveCfg = Debug|Win32
		{E1C28E8B-D6CD-4D57-B519-549EF3E4AAE6}.Debug|Any CPU.Build.0 = Debug|Win32
		{E1C28E8B-D6CD-4D57-B519-549EF3E4AAE6}.Debug|Mixed Platforms.ActiveCfg = Debug|Win32
		{E1C28E8B-D6CD-4D57-B519-549EF3E4AAE6}.Debug|Mixed Platforms.Build.0 = Debug|Win32
		{E1C28E8B-D6CD-4D57-B519-549EF3E4AAE6}.Debug|Win32.ActiveCfg = Debug|Win32
		{E1C28E8B-D6CD-4D57-B519-549EF3E4AAE6}.Debug|Win32.Build.0 = Debug|Win32
		{E1C28E8B-D6CD-4D57-B519-549EF3E4AAE6}.Debug|x64.ActiveCfg = Debug|Win32
		{E1C28E8B-D6CD-4D57-B519-549EF3E4AAE6}.Release|Any CPU.ActiveCfg = Release|Win32
		{E1C28E8B-D6CD-4D57-B519-549EF3E4AAE6}.Release|Mixed Platforms.ActiveCfg = Release|Win32
		{E1C28E8B-D6CD-4D57-B519-549EF3E4AAE6}.Release|Mixed Platforms.Build.0 = Release|Win32
		{E1C28E8B-D6CD-4D57-B519-549EF3E4AAE6}.Release|Win32.ActiveCfg = Release|Win32
		{E1C28E8B-D6CD-4D57-B519-549EF3E4AAE6}.Release|Win32.Build.0 = Release|Win32
		{E1C28E8B-D6CD-4D57-B519-549EF3E4AAE6}.Release|x64.ActiveCfg = Release|Win32
		{E1C28E8B-D6CD-4D57-B519-549EF3E4AAE6}.TaiWan|Any CPU.ActiveCfg = TaiWan|Win32
		{E1C28E8B-D6CD-4D57-B519-549EF3E4AAE6}.TaiWan|Mixed Platforms.ActiveCfg = TaiWan|Win32
		{E1C28E8B-D6CD-4D57-B519-549EF3E4AAE6}.TaiWan|Mixed Platforms.Build.0 = TaiWan|Win32
		{E1C28E8B-D6CD-4D57-B519-549EF3E4AAE6}.TaiWan|Win32.ActiveCfg = TaiWan|Win32
		{E1C28E8B-D6CD-4D57-B519-549EF3E4AAE6}.TaiWan|Win32.Build.0 = TaiWan|Win32
		{E1C28E8B-D6CD-4D57-B519-549EF3E4AAE6}.TaiWan|x64.ActiveCfg = TaiWan|Win32
		{080F1555-6A5C-4E75-B4D3-1112CBCB9800}.China|Any CPU.ActiveCfg = Release|Win32
		{080F1555-6A5C-4E75-B4D3-1112CBCB9800}.China|Mixed Platforms.ActiveCfg = Release|Win32
		{080F1555-6A5C-4E75-B4D3-1112CBCB9800}.China|Mixed Platforms.Build.0 = Release|Win32
		{080F1555-6A5C-4E75-B4D3-1112CBCB9800}.China|Win32.ActiveCfg = Release|Win32
		{080F1555-6A5C-4E75-B4D3-1112CBCB9800}.China|Win32.Build.0 = Release|Win32
		{080F1555-6A5C-4E75-B4D3-1112CBCB9800}.China|x64.ActiveCfg = Release|Win32
		{080F1555-6A5C-4E75-B4D3-1112CBCB9800}.Debug|Any CPU.ActiveCfg = Debug|Win32
		{080F1555-6A5C-4E75-B4D3-1112CBCB9800}.Debug|Mixed Platforms.ActiveCfg = Debug|Win32
		{080F1555-6A5C-4E75-B4D3-1112CBCB9800}.Debug|Mixed Platforms.Build.0 = Debug|Win32
		{080F1555-6A5C-4E75-B4D3-1112CBCB9800}.Debug|Win32.ActiveCfg = Debug|Win32
		{080F1555-6A5C-4E75-B4D3-1112CBCB9800}.Debug|Win32.Build.0 = Debug|Win32
		{080F1555-6A5C-4E75-B4D3-1112CBCB9800}.Debug|x64.ActiveCfg = Debug|Win32
		{080F1555-6A5C-4E75-B4D3-1112CBCB9800}.Release|Any CPU.ActiveCfg = Release|Win32
		{080F1555-6A5C-4E75-B4D3-1112CBCB9800}.Release|Mixed Platforms.ActiveCfg = Release|Win32
		{080F1555-6A5C-4E75-B4D3-1112CBCB9800}.Release|Mixed Platforms.Build.0 = Release|Win32
		{080F1555-6A5C-4E75-B4D3-1112CBCB9800}.Release|Win32.ActiveCfg = Release|Win32
		{080F1555-6A5C-4E75-B4D3-1112CBCB9800}.Release|Win32.Build.0 = Release|Win32
		{080F1555-6A5C-4E75-B4D3-1112CBCB9800}.Release|x64.ActiveCfg = Release|Win32
		{080F1555-6A5C-4E75-B4D3-1112CBCB9800}.TaiWan|Any CPU.ActiveCfg = TaiWan|Win32
		{080F1555-6A5C-4E75-B4D3-1112CBCB9800}.TaiWan|Mixed Platforms.ActiveCfg = TaiWan|Win32
		{080F1555-6A5C-4E75-B4D3-1112CBCB9800}.TaiWan|Mixed Platforms.Build.0 = TaiWan|Win32
		{080F1555-6A5C-4E75-B4D3-1112CBCB9800}.TaiWan|Win32.ActiveCfg = TaiWan|Win32
		{080F1555-6A5C-4E75-B4D3-1112CBCB9800}.TaiWan|Win32.Build.0 = TaiWan|Win32
		{080F1555-6A5C-4E75-B4D3-1112CBCB9800}.TaiWan|x64.ActiveCfg = TaiWan|Win32
		{BEED74B8-111D-4969-A860-C7762E872A87}.China|Any CPU.ActiveCfg = Release|Win32
		{BEED74B8-111D-4969-A860-C7762E872A87}.China|Mixed Platforms.ActiveCfg = Release|Win32
		{BEED74B8-111D-4969-A860-C7762E872A87}.China|Mixed Platforms.Build.0 = Release|Win32
		{BEED74B8-111D-4969-A860-C7762E872A87}.China|Win32.ActiveCfg = Release|Win32
		{BEED74B8-111D-4969-A860-C7762E872A87}.China|Win32.Build.0 = Release|Win32
		{BEED74B8-111D-4969-A860-C7762E872A87}.China|x64.ActiveCfg = Release|x64
		{BEED74B8-111D-4969-A860-C7762E872A87}.China|x64.Build.0 = Release|x64
		{BEED74B8-111D-4969-A860-C7762E872A87}.Debug|Any CPU.ActiveCfg = Debug|Win32
		{BEED74B8-111D-4969-A860-C7762E872A87}.Debug|Mixed Platforms.ActiveCfg = Debug|Win32
		{BEED74B8-111D-4969-A860-C7762E872A87}.Debug|Mixed Platforms.Build.0 = Debug|Win32
		{BEED74B8-111D-4969-A860-C7762E872A87}.Debug|Win32.ActiveCfg = Debug|Win32
		{BEED74B8-111D-4969-A860-C7762E872A87}.Debug|Win32.Build.0 = Debug|Win32
		{BEED74B8-111D-4969-A860-C7762E872A87}.Debug|x64.ActiveCfg = Debug|x64
		{BEED74B8-111D-4969-A860-C7762E872A87}.Debug|x64.Build.0 = Debug|x64
		{BEED74B8-111D-4969-A860-C7762E872A87}.Release|Any CPU.ActiveCfg = Release|Win32
		{BEED74B8-111D-4969-A860-C7762E872A87}.Release|Mixed Platforms.ActiveCfg = Release|Win32
		{BEED74B8-111D-4969-A860-C7762E872A87}.Release|Mixed Platforms.Build.0 = Release|Win32
		{BEED74B8-111D-4969-A860-C7762E872A87}.Release|Win32.ActiveCfg = Release|Win32
		{BEED74B8-111D-4969-A860-C7762E872A87}.Release|Win32.Build.0 = Release|Win32
		{BEED74B8-111D-4969-A860-C7762E872A87}.Release|x64.ActiveCfg = Release|x64
		{BEED74B8-111D-4969-A860-C7762E872A87}.Release|x64.Build.0 = Release|x64
		{BEED74B8-111D-4969-A860-C7762E872A87}.TaiWan|Any CPU.ActiveCfg = Release|Win32
		{BEED74B8-111D-4969-A860-C7762E872A87}.TaiWan|Mixed Platforms.ActiveCfg = Release|Win32
		{BEED74B8-111D-4969-A860-C7762E872A87}.TaiWan|Mixed Platforms.Build.0 = Release|Win32
		{BEED74B8-111D-4969-A860-C7762E872A87}.TaiWan|Win32.ActiveCfg = Release|Win32
		{BEED74B8-111D-4969-A860-C7762E872A87}.TaiWan|Win32.Build.0 = Release|Win32
		{BEED74B8-111D-4969-A860-C7762E872A87}.TaiWan|x64.ActiveCfg = Release|x64
		{BEED74B8-111D-4969-A860-C7762E872A87}.TaiWan|x64.Build.0 = Release|x64
		{3E37E230-C350-4418-AD9C-0014AE533C42}.China|Any CPU.ActiveCfg = Release|x64
		{3E37E230-C350-4418-AD9C-0014AE533C42}.China|Any CPU.Build.0 = Release|x64
		{3E37E230-C350-4418-AD9C-0014AE533C42}.China|Mixed Platforms.ActiveCfg = Release|Win32
		{3E37E230-C350-4418-AD9C-0014AE533C42}.China|Mixed Platforms.Build.0 = Release|Win32
		{3E37E230-C350-4418-AD9C-0014AE533C42}.China|Win32.ActiveCfg = Release|Win32
		{3E37E230-C350-4418-AD9C-0014AE533C42}.China|Win32.Build.0 = Release|Win32
		{3E37E230-C350-4418-AD9C-0014AE533C42}.China|x64.ActiveCfg = Release|x64
		{3E37E230-C350-4418-AD9C-0014AE533C42}.China|x64.Build.0 = Release|x64
		{3E37E230-C350-4418-AD9C-0014AE533C42}.Debug|Any CPU.ActiveCfg = Debug|Win32
		{3E37E230-C350-4418-AD9C-0014AE533C42}.Debug|Mixed Platforms.ActiveCfg = Debug|Win32
		{3E37E230-C350-4418-AD9C-0014AE533C42}.Debug|Mixed Platforms.Build.0 = Debug|Win32
		{3E37E230-C350-4418-AD9C-0014AE533C42}.Debug|Win32.ActiveCfg = Debug|Win32
		{3E37E230-C350-4418-AD9C-0014AE533C42}.Debug|Win32.Build.0 = Debug|Win32
		{3E37E230-C350-4418-AD9C-0014AE533C42}.Debug|x64.ActiveCfg = Debug|x64
		{3E37E230-C350-4418-AD9C-0014AE533C42}.Debug|x64.Build.0 = Debug|x64
		{3E37E230-C350-4418-AD9C-0014AE533C42}.Release|Any CPU.ActiveCfg = Release|Win32
		{3E37E230-C350-4418-AD9C-0014AE533C42}.Release|Mixed Platforms.ActiveCfg = Release|Win32
		{3E37E230-C350-4418-AD9C-0014AE533C42}.Release|Mixed Platforms.Build.0 = Release|Win32
		{3E37E230-C350-4418-AD9C-0014AE533C42}.Release|Win32.ActiveCfg = Release|Win32
		{3E37E230-C350-4418-AD9C-0014AE533C42}.Release|Win32.Build.0 = Release|Win32
		{3E37E230-C350-4418-AD9C-0014AE533C42}.Release|x64.ActiveCfg = Release|x64
		{3E37E230-C350-4418-AD9C-0014AE533C42}.Release|x64.Build.0 = Release|x64
		{3E37E230-C350-4418-AD9C-0014AE533C42}.TaiWan|Any CPU.ActiveCfg = Release|x64
		{3E37E230-C350-4418-AD9C-0014AE533C42}.TaiWan|Any CPU.Build.0 = Release|x64
		{3E37E230-C350-4418-AD9C-0014AE533C42}.TaiWan|Mixed Platforms.ActiveCfg = Release|Win32
		{3E37E230-C350-4418-AD9C-0014AE533C42}.TaiWan|Mixed Platforms.Build.0 = Release|Win32
		{3E37E230-C350-4418-AD9C-0014AE533C42}.TaiWan|Win32.ActiveCfg = Release|Win32
		{3E37E230-C350-4418-AD9C-0014AE533C42}.TaiWan|Win32.Build.0 = Release|Win32
		{3E37E230-C350-4418-AD9C-0014AE533C42}.TaiWan|x64.ActiveCfg = Release|x64
		{3E37E230-C350-4418-AD9C-0014AE533C42}.TaiWan|x64.Build.0 = Release|x64
		{D75A59B1-98C2-4E94-8F46-DE59E13A047D}.China|Any CPU.ActiveCfg = Release|Any CPU
		{D75A59B1-98C2-4E94-8F46-DE59E13A047D}.China|Any CPU.Build.0 = Release|Any CPU
		{D75A59B1-98C2-4E94-8F46-DE59E13A047D}.China|Mixed Platforms.ActiveCfg = Release|Any CPU
		{D75A59B1-98C2-4E94-8F46-DE59E13A047D}.China|Mixed Platforms.Build.0 = Release|Any CPU
		{D75A59B1-98C2-4E94-8F46-DE59E13A047D}.China|Win32.ActiveCfg = Release|Any CPU
		{D75A59B1-98C2-4E94-8F46-DE59E13A047D}.China|Win32.Build.0 = Release|Any CPU
		{D75A59B1-98C2-4E94-8F46-DE59E13A047D}.China|x64.ActiveCfg = Release|Any CPU
		{D75A59B1-98C2-4E94-8F46-DE59E13A047D}.China|x64.Build.0 = Release|Any CPU
		{D75A59B1-98C2-4E94-8F46-DE59E13A047D}.Debug|Any CPU.ActiveCfg = Debug|Any CPU
		{D75A59B1-98C2-4E94-8F46-DE59E13A047D}.Debug|Any CPU.Build.0 = Debug|Any CPU
		{D75A59B1-98C2-4E94-8F46-DE59E13A047D}.Debug|Mixed Platforms.ActiveCfg = Debug|Any CPU
		{D75A59B1-98C2-4E94-8F46-DE59E13A047D}.Debug|Mixed Platforms.Build.0 = Debug|Any CPU
		{D75A59B1-98C2-4E94-8F46-DE59E13A047D}.Debug|Win32.ActiveCfg = Debug|Any CPU
		{D75A59B1-98C2-4E94-8F46-DE59E13A047D}.Debug|Win32.Build.0 = Debug|Any CPU
		{D75A59B1-98C2-4E94-8F46-DE59E13A047D}.Debug|x64.ActiveCfg = Debug|Any CPU
		{D75A59B1-98C2-4E94-8F46-DE59E13A047D}.Debug|x64.Build.0 = Debug|Any CPU
		{D75A59B1-98C2-4E94-8F46-DE59E13A047D}.Release|Any CPU.ActiveCfg = Release|Any CPU
		{D75A59B1-98C2-4E94-8F46-DE59E13A047D}.Release|Any CPU.Build.0 = Release|Any CPU
		{D75A59B1-98C2-4E94-8F46-DE59E13A047D}.Release|Mixed Platforms.ActiveCfg = Release|Any CPU
		{D75A59B1-98C2-4E94-8F46-DE59E13A047D}.Release|Mixed Platforms.Build.0 = Release|Any CPU
		{D75A59B1-98C2-4E94-8F46-DE59E13A047D}.Release|Win32.ActiveCfg = Release|Any CPU
		{D75A59B1-98C2-4E94-8F46-DE59E13A047D}.Release|Win32.Build.0 = Release|Any CPU
		{D75A59B1-98C2-4E94-8F46-DE59E13A047D}.Release|x64.ActiveCfg = Release|Any CPU
		{D75A59B1-98C2-4E94-8F46-DE59E13A047D}.Release|x64.Build.0 = Release|Any CPU
		{D75A59B1-98C2-4E94-8F46-DE59E13A047D}.TaiWan|Any CPU.ActiveCfg = Release|Any CPU
		{D75A59B1-98C2-4E94-8F46-DE59E13A047D}.TaiWan|Any CPU.Build.0 = Release|Any CPU
		{D75A59B1-98C2-4E94-8F46-DE59E13A047D}.TaiWan|Mixed Platforms.ActiveCfg = Release|Any CPU
		{D75A59B1-98C2-4E94-8F46-DE59E13A047D}.TaiWan|Mixed Platforms.Build.0 = Release|Any CPU
		{D75A59B1-98C2-4E94-8F46-DE59E13A047D}.TaiWan|Win32.ActiveCfg = Release|Any CPU
		{D75A59B1-98C2-4E94-8F46-DE59E13A047D}.TaiWan|Win32.Build.0 = Release|Any CPU
		{D75A59B1-98C2-4E94-8F46-DE59E13A047D}.TaiWan|x64.ActiveCfg = Release|Any CPU
		{D75A59B1-98C2-4E94-8F46-DE59E13A047D}.TaiWan|x64.Build.0 = Release|Any CPU
		{897334D4-2101-4847-BAFF-6430FD993542}.China|Any CPU.ActiveCfg = Release|x64
		{897334D4-2101-4847-BAFF-6430FD993542}.China|Any CPU.Build.0 = Release|x64
		{897334D4-2101-4847-BAFF-6430FD993542}.China|Mixed Platforms.ActiveCfg = Release|Win32
		{897334D4-2101-4847-BAFF-6430FD993542}.China|Mixed Platforms.Build.0 = Release|Win32
		{897334D4-2101-4847-BAFF-6430FD993542}.China|Win32.ActiveCfg = Release|Win32
		{897334D4-2101-4847-BAFF-6430FD993542}.China|Win32.Build.0 = Release|Win32
		{897334D4-2101-4847-BAFF-6430FD993542}.China|x64.ActiveCfg = Release|x64
		{897334D4-2101-4847-BAFF-6430FD993542}.China|x64.Build.0 = Release|x64
		{897334D4-2101-4847-BAFF-6430FD993542}.Debug|Any CPU.ActiveCfg = Debug|Win32
		{897334D4-2101-4847-BAFF-6430FD993542}.Debug|Mixed Platforms.ActiveCfg = Debug|Win32
		{897334D4-2101-4847-BAFF-6430FD993542}.Debug|Mixed Platforms.Build.0 = Debug|Win32
		{897334D4-2101-4847-BAFF-6430FD993542}.Debug|Win32.ActiveCfg = Debug|Win32
		{897334D4-2101-4847-BAFF-6430FD993542}.Debug|Win32.Build.0 = Debug|Win32
		{897334D4-2101-4847-BAFF-6430FD993542}.Debug|x64.ActiveCfg = Debug|x64
		{897334D4-2101-4847-BAFF-6430FD993542}.Debug|x64.Build.0 = Debug|x64
		{897334D4-2101-4847-BAFF-6430FD993542}.Release|Any CPU.ActiveCfg = Release|Win32
		{897334D4-2101-4847-BAFF-6430FD993542}.Release|Mixed Platforms.ActiveCfg = Release|Win32
		{897334D4-2101-4847-BAFF-6430FD993542}.Release|Mixed Platforms.Build.0 = Release|Win32
		{897334D4-2101-4847-BAFF-6430FD993542}.Release|Win32.ActiveCfg = Release|Win32
		{897334D4-2101-4847-BAFF-6430FD993542}.Release|Win32.Build.0 = Release|Win32
		{897334D4-2101-4847-BAFF-6430FD993542}.Release|x64.ActiveCfg = Release|Win32
		{897334D4-2101-4847-BAFF-6430FD993542}.Release|x64.Build.0 = Release|Win32
		{897334D4-2101-4847-BAFF-6430FD993542}.TaiWan|Any CPU.ActiveCfg = Release|x64
		{897334D4-2101-4847-BAFF-6430FD993542}.TaiWan|Any CPU.Build.0 = Release|x64
		{897334D4-2101-4847-BAFF-6430FD993542}.TaiWan|Mixed Platforms.ActiveCfg = Release|Win32
		{897334D4-2101-4847-BAFF-6430FD993542}.TaiWan|Mixed Platforms.Build.0 = Release|Win32
		{897334D4-2101-4847-BAFF-6430FD993542}.TaiWan|Win32.ActiveCfg = Release|Win32
		{897334D4-2101-4847-BAFF-6430FD993542}.TaiWan|Win32.Build.0 = Release|Win32
		{897334D4-2101-4847-BAFF-6430FD993542}.TaiWan|x64.ActiveCfg = Release|x64
		{897334D4-2101-4847-BAFF-6430FD993542}.TaiWan|x64.Build.0 = Release|x64
		{8F4EA8CC-ED13-4238-B229-5F711AE79A9F}.China|Any CPU.ActiveCfg = Release|Win32
		{8F4EA8CC-ED13-4238-B229-5F711AE79A9F}.China|Mixed Platforms.ActiveCfg = Release|Win32
		{8F4EA8CC-ED13-4238-B229-5F711AE79A9F}.China|Mixed Platforms.Build.0 = Release|Win32
		{8F4EA8CC-ED13-4238-B229-5F711AE79A9F}.China|Win32.ActiveCfg = Release|Win32
		{8F4EA8CC-ED13-4238-B229-5F711AE79A9F}.China|Win32.Build.0 = Release|Win32
		{8F4EA8CC-ED13-4238-B229-5F711AE79A9F}.China|x64.ActiveCfg = Release|Win32
		{8F4EA8CC-ED13-4238-B229-5F711AE79A9F}.Debug|Any CPU.ActiveCfg = Debug|Win32
		{8F4EA8CC-ED13-4238-B229-5F711AE79A9F}.Debug|Mixed Platforms.ActiveCfg = Debug|Win32
		{8F4EA8CC-ED13-4238-B229-5F711AE79A9F}.Debug|Mixed Platforms.Build.0 = Debug|Win32
		{8F4EA8CC-ED13-4238-B229-5F711AE79A9F}.Debug|Win32.ActiveCfg = Debug|Win32
		{8F4EA8CC-ED13-4238-B229-5F711AE79A9F}.Debug|Win32.Build.0 = Debug|Win32
		{8F4EA8CC-ED13-4238-B229-5F711AE79A9F}.Debug|x64.ActiveCfg = Debug|Win32
		{8F4EA8CC-ED13-4238-B229-5F711AE79A9F}.Release|Any CPU.ActiveCfg = Release|Win32
		{8F4EA8CC-ED13-4238-B229-5F711AE79A9F}.Release|Mixed Platforms.ActiveCfg = Release|Win32
		{8F4EA8CC-ED13-4238-B229-5F711AE79A9F}.Release|Mixed Platforms.Build.0 = Release|Win32
		{8F4EA8CC-ED13-4238-B229-5F711AE79A9F}.Release|Win32.ActiveCfg = Release|x64
		{8F4EA8CC-ED13-4238-B229-5F711AE79A9F}.Release|Win32.Build.0 = Release|x64
		{8F4EA8CC-ED13-4238-B229-5F711AE79A9F}.Release|x64.ActiveCfg = Release|Win32
		{8F4EA8CC-ED13-4238-B229-5F711AE79A9F}.TaiWan|Any CPU.ActiveCfg = Release|Win32
		{8F4EA8CC-ED13-4238-B229-5F711AE79A9F}.TaiWan|Mixed Platforms.ActiveCfg = Release|Win32
		{8F4EA8CC-ED13-4238-B229-5F711AE79A9F}.TaiWan|Mixed Platforms.Build.0 = Release|Win32
		{8F4EA8CC-ED13-4238-B229-5F711AE79A9F}.TaiWan|Win32.ActiveCfg = Release|Win32
		{8F4EA8CC-ED13-4238-B229-5F711AE79A9F}.TaiWan|Win32.Build.0 = Release|Win32
		{8F4EA8CC-ED13-4238-B229-5F711AE79A9F}.TaiWan|x64.ActiveCfg = Release|Win32
		{E1FADBDE-4B60-45E2-B260-4761AF4FD7B4}.China|Any CPU.ActiveCfg = Release|Win32
		{E1FADBDE-4B60-45E2-B260-4761AF4FD7B4}.China|Mixed Platforms.ActiveCfg = Release|Win32
		{E1FADBDE-4B60-45E2-B260-4761AF4FD7B4}.China|Mixed Platforms.Build.0 = Release|Win32
		{E1FADBDE-4B60-45E2-B260-4761AF4FD7B4}.China|Win32.ActiveCfg = Release|Win32
		{E1FADBDE-4B60-45E2-B260-4761AF4FD7B4}.China|Win32.Build.0 = Release|Win32
		{E1FADBDE-4B60-45E2-B260-4761AF4FD7B4}.China|x64.ActiveCfg = Release|Win32
		{E1FADBDE-4B60-45E2-B260-4761AF4FD7B4}.Debug|Any CPU.ActiveCfg = Debug|Win32
		{E1FADBDE-4B60-45E2-B260-4761AF4FD7B4}.Debug|Mixed Platforms.ActiveCfg = Debug|Win32
		{E1FADBDE-4B60-45E2-B260-4761AF4FD7B4}.Debug|Mixed Platforms.Build.0 = Debug|Win32
		{E1FADBDE-4B60-45E2-B260-4761AF4FD7B4}.Debug|Win32.ActiveCfg = Debug|Win32
		{E1FADBDE-4B60-45E2-B260-4761AF4FD7B4}.Debug|Win32.Build.0 = Debug|Win32
		{E1FADBDE-4B60-45E2-B260-4761AF4FD7B4}.Debug|x64.ActiveCfg = Debug|Win32
		{E1FADBDE-4B60-45E2-B260-4761AF4FD7B4}.Release|Any CPU.ActiveCfg = Release|Win32
		{E1FADBDE-4B60-45E2-B260-4761AF4FD7B4}.Release|Mixed Platforms.ActiveCfg = Release|Win32
		{E1FADBDE-4B60-45E2-B260-4761AF4FD7B4}.Release|Mixed Platforms.Build.0 = Release|Win32
		{E1FADBDE-4B60-45E2-B260-4761AF4FD7B4}.Release|Win32.ActiveCfg = Release|Win32
		{E1FADBDE-4B60-45E2-B260-4761AF4FD7B4}.Release|Win32.Build.0 = Release|Win32
		{E1FADBDE-4B60-45E2-B260-4761AF4FD7B4}.Release|x64.ActiveCfg = Release|Win32
		{E1FADBDE-4B60-45E2-B260-4761AF4FD7B4}.TaiWan|Any CPU.ActiveCfg = Release|Win32
		{E1FADBDE-4B60-45E2-B260-4761AF4FD7B4}.TaiWan|Mixed Platforms.ActiveCfg = Release|Win32
		{E1FADBDE-4B60-45E2-B260-4761AF4FD7B4}.TaiWan|Mixed Platforms.Build.0 = Release|Win32
		{E1FADBDE-4B60-45E2-B260-4761AF4FD7B4}.TaiWan|Win32.ActiveCfg = Release|Win32
		{E1FADBDE-4B60-45E2-B260-4761AF4FD7B4}.TaiWan|Win32.Build.0 = Release|Win32
		{E1FADBDE-4B60-45E2-B260-4761AF4FD7B4}.TaiWan|x64.ActiveCfg = Release|Win32
	EndGlobalSection
	GlobalSection(SolutionProperties) = preSolution
		HideSolutionNode = FALSE
	EndGlobalSection
	GlobalSection(NestedProjects) = preSolution
		{6C1396BC-621C-4F38-A592-024C9DD2EB6E} = {7F50A1C8-579A-455E-AEC4-FE76C67539EF}
		{46A994FB-9448-4293-9BCE-31650740F60C} = {7F50A1C8-579A-455E-AEC4-FE76C67539EF}
		{B83FA490-EDBA-405F-99ED-A57C03C3F12F} = {7F50A1C8-579A-455E-AEC4-FE76C67539EF}
		{E1B3C397-EACF-4ED7-A9D8-F95EB25CA3FB} = {C2FE582B-2DC4-4E5E-934A-6CB0C45C9A6F}
		{78A0F79C-06A6-45ED-90FF-B7E2A1B7F791} = {7F50A1C8-579A-455E-AEC4-FE76C67539EF}
		{72BC8683-BB0B-4BA4-9283-12B64D505E5D} = {C2FE582B-2DC4-4E5E-934A-6CB0C45C9A6F}
		{9E659C11-D05D-451F-BF49-B56F1536447C} = {C2FE582B-2DC4-4E5E-934A-6CB0C45C9A6F}
		{E1C28E8B-D6CD-4D57-B519-549EF3E4AAE6} = {7F50A1C8-579A-455E-AEC4-FE76C67539EF}
		{080F1555-6A5C-4E75-B4D3-1112CBCB9800} = {C2FE582B-2DC4-4E5E-934A-6CB0C45C9A6F}
		{BEED74B8-111D-4969-A860-C7762E872A87} = {7F50A1C8-579A-455E-AEC4-FE76C67539EF}
		{3E37E230-C350-4418-AD9C-0014AE533C42} = {7F50A1C8-579A-455E-AEC4-FE76C67539EF}
		{D75A59B1-98C2-4E94-8F46-DE59E13A047D} = {C2FE582B-2DC4-4E5E-934A-6CB0C45C9A6F}
		{897334D4-2101-4847-BAFF-6430FD993542} = {7F50A1C8-579A-455E-AEC4-FE76C67539EF}
		{8F4EA8CC-ED13-4238-B229-5F711AE79A9F} = {7F50A1C8-579A-455E-AEC4-FE76C67539EF}
		{E1FADBDE-4B60-45E2-B260-4761AF4FD7B4} = {7F50A1C8-579A-455E-AEC4-FE76C67539EF}
	EndGlobalSection
	GlobalSection(ExtensibilityGlobals) = postSolution
		SolutionGuid = {CF2FB9E1-23F1-45FA-95B3-9A076253306D}
	EndGlobalSection
EndGlobal
